
Microsoft Visual Studio Solution File, Format Version 12.00
# Visual Studio Version 17
VisualStudioVersion = 17.5.002.0
MinimumVisualStudioVersion = 10.0.40219.1
Project("{2150E333-8FDC-42A3-9474-1A3956D46DE8}") = "csharp-prep", "csharp-prep", "{753461E7-B54C-46B7-99A2-C34A66BF2292}"
EndProject
Project("{9A19103F-16F7-4668-BE54-9A1E7A4F7556}") = "Prep1", "csharp-prep\Prep1\Prep1.csproj", "{B90AB9CA-EDF7-420B-9989-EF303C6D7FBD}"
EndProject
Project("{9A19103F-16F7-4668-BE54-9A1E7A4F7556}") = "Prep2", "csharp-prep\Prep2\Prep2.csproj", "{A42CC8D2-08A0-4013-BDB4-117A765EC55C}"
EndProject
Project("{9A19103F-16F7-4668-BE54-9A1E7A4F7556}") = "Prep3", "csharp-prep\Prep3\Prep3.csproj", "{F0BEDD3D-3DD6-4DD4-8C52-BCA911A3AC6A}"
EndProject
Project("{9A19103F-16F7-4668-BE54-9A1E7A4F7556}") = "Prep4", "csharp-prep\Prep4\Prep4.csproj", "{DB4546C6-F7E5-4826-8577-2226BF6CC783}"
EndProject
Project("{9A19103F-16F7-4668-BE54-9A1E7A4F7556}") = "Prep5", "csharp-prep\Prep5\Prep5.csproj", "{22BDC8F1-7D62-4ED6-AEB5-AF85F9F2C63D}"
EndProject
Project("{2150E333-8FDC-42A3-9474-1A3956D46DE8}") = "final", "final", "{A47B99D9-4F12-48A8-B02C-B90971105A6C}"
EndProject
Project("{9A19103F-16F7-4668-BE54-9A1E7A4F7556}") = "FinalProject", "final\FinalProject\FinalProject.csproj", "{C4B8460B-EFF3-4897-99ED-8FABD99645ED}"
EndProject
Project("{9A19103F-16F7-4668-BE54-9A1E7A4F7556}") = "Foundation1", "final\Foundation1\Foundation1.csproj", "{4D4EC001-2E71-4BAA-91EE-FC90D4E97009}"
EndProject
Project("{9A19103F-16F7-4668-BE54-9A1E7A4F7556}") = "Foundation2", "final\Foundation2\Foundation2.csproj", "{E0EA090E-119B-4FD7-9A1D-DBFBB2E5B106}"
EndProject
Project("{9A19103F-16F7-4668-BE54-9A1E7A4F7556}") = "Foundation3", "final\Foundation3\Foundation3.csproj", "{4267A720-E2A2-47CB-AD6B-D99291BC1D5F}"
EndProject
Project("{9A19103F-16F7-4668-BE54-9A1E7A4F7556}") = "Foundation4", "final\Foundation4\Foundation4.csproj", "{7D68464B-244D-45BE-92E2-604194B1DE0B}"
EndProject
Project("{2150E333-8FDC-42A3-9474-1A3956D46DE8}") = "prepare", "prepare", "{F434AF19-C3CB-4461-AE7D-007D31A44CF7}"
EndProject
Project("{9A19103F-16F7-4668-BE54-9A1E7A4F7556}") = "Learning02", "prepare\Learning02\Learning02.csproj", "{8F8A2DC5-5264-49EE-A3DB-B2CE8E49DCAD}"
EndProject
Project("{9A19103F-16F7-4668-BE54-9A1E7A4F7556}") = "Learning03", "prepare\Learning03\Learning03.csproj", "{63D3100F-066B-433B-B949-9974E47CD0FD}"
EndProject
Project("{9A19103F-16F7-4668-BE54-9A1E7A4F7556}") = "Learning04", "prepare\Learning04\Learning04.csproj", "{D0F346ED-D85C-4EC9-91AC-47C8B7C5EDC6}"
EndProject
Project("{9A19103F-16F7-4668-BE54-9A1E7A4F7556}") = "Learning05", "prepare\Learning05\Learning05.csproj", "{DE0C559B-347E-45B9-9750-D0063929B1F6}"
EndProject
Project("{2150E333-8FDC-42A3-9474-1A3956D46DE8}") = "prove", "prove", "{BC87D075-CA3B-492A-8ADE-602312A28B46}"
EndProject
Project("{9A19103F-16F7-4668-BE54-9A1E7A4F7556}") = "Develop02", "prove\Develop02\Develop02.csproj", "{6B2053A8-8E52-425C-90D0-615F31F1B18F}"
EndProject
Project("{9A19103F-16F7-4668-BE54-9A1E7A4F7556}") = "Develop03", "prove\Develop03\Develop03.csproj", "{24A79B0F-05C1-4038-975C-32C911CDE416}"
EndProject
Project("{9A19103F-16F7-4668-BE54-9A1E7A4F7556}") = "Develop04", "prove\Develop04\Develop04.csproj", "{EC77D1C0-6787-4AC6-89DD-D5E6C3A3AFC7}"
EndProject
Project("{9A19103F-16F7-4668-BE54-9A1E7A4F7556}") = "Develop05", "prove\Develop05\Develop05.csproj", "{2BC2A66B-5D3E-4807-B1AE-D212CFA415ED}"
EndProject
Project("{2150E333-8FDC-42A3-9474-1A3956D46DE8}") = "sandbox", "sandbox", "{7DD2395A-98F4-4249-97CE-A71F10370DCF}"
EndProject
Project("{9A19103F-16F7-4668-BE54-9A1E7A4F7556}") = "Sandbox", "sandbox\Sandbox\Sandbox.csproj", "{F5CBF264-1EDD-4B30-9CF8-E42A67425892}"
EndProject
Global
	GlobalSection(SolutionConfigurationPlatforms) = preSolution
		Debug|Any CPU = Debug|Any CPU
		Release|Any CPU = Release|Any CPU
	EndGlobalSection
	GlobalSection(ProjectConfigurationPlatforms) = postSolution
		{B90AB9CA-EDF7-420B-9989-EF303C6D7FBD}.Debug|Any CPU.ActiveCfg = Debug|Any CPU
		{B90AB9CA-EDF7-420B-9989-EF303C6D7FBD}.Debug|Any CPU.Build.0 = Debug|Any CPU
		{B90AB9CA-EDF7-420B-9989-EF303C6D7FBD}.Release|Any CPU.ActiveCfg = Release|Any CPU
		{B90AB9CA-EDF7-420B-9989-EF303C6D7FBD}.Release|Any CPU.Build.0 = Release|Any CPU
		{A42CC8D2-08A0-4013-BDB4-117A765EC55C}.Debug|Any CPU.ActiveCfg = Debug|Any CPU
		{A42CC8D2-08A0-4013-BDB4-117A765EC55C}.Debug|Any CPU.Build.0 = Debug|Any CPU
		{A42CC8D2-08A0-4013-BDB4-117A765EC55C}.Release|Any CPU.ActiveCfg = Release|Any CPU
		{A42CC8D2-08A0-4013-BDB4-117A765EC55C}.Release|Any CPU.Build.0 = Release|Any CPU
		{F0BEDD3D-3DD6-4DD4-8C52-BCA911A3AC6A}.Debug|Any CPU.ActiveCfg = Debug|Any CPU
		{F0BEDD3D-3DD6-4DD4-8C52-BCA911A3AC6A}.Debug|Any CPU.Build.0 = Debug|Any CPU
		{F0BEDD3D-3DD6-4DD4-8C52-BCA911A3AC6A}.Release|Any CPU.ActiveCfg = Release|Any CPU
		{F0BEDD3D-3DD6-4DD4-8C52-BCA911A3AC6A}.Release|Any CPU.Build.0 = Release|Any CPU
		{DB4546C6-F7E5-4826-8577-2226BF6CC783}.Debug|Any CPU.ActiveCfg = Debug|Any CPU
		{DB4546C6-F7E5-4826-8577-2226BF6CC783}.Debug|Any CPU.Build.0 = Debug|Any CPU
		{DB4546C6-F7E5-4826-8577-2226BF6CC783}.Release|Any CPU.ActiveCfg = Release|Any CPU
		{DB4546C6-F7E5-4826-8577-2226BF6CC783}.Release|Any CPU.Build.0 = Release|Any CPU
		{22BDC8F1-7D62-4ED6-AEB5-AF85F9F2C63D}.Debug|Any CPU.ActiveCfg = Debug|Any CPU
		{22BDC8F1-7D62-4ED6-AEB5-AF85F9F2C63D}.Debug|Any CPU.Build.0 = Debug|Any CPU
		{22BDC8F1-7D62-4ED6-AEB5-AF85F9F2C63D}.Release|Any CPU.ActiveCfg = Release|Any CPU
		{22BDC8F1-7D62-4ED6-AEB5-AF85F9F2C63D}.Release|Any CPU.Build.0 = Release|Any CPU
		{C4B8460B-EFF3-4897-99ED-8FABD99645ED}.Debug|Any CPU.ActiveCfg = Debug|Any CPU
		{C4B8460B-EFF3-4897-99ED-8FABD99645ED}.Debug|Any CPU.Build.0 = Debug|Any CPU
		{C4B8460B-EFF3-4897-99ED-8FABD99645ED}.Release|Any CPU.ActiveCfg = Release|Any CPU
		{C4B8460B-EFF3-4897-99ED-8FABD99645ED}.Release|Any CPU.Build.0 = Release|Any CPU
		{4D4EC001-2E71-4BAA-91EE-FC90D4E97009}.Debug|Any CPU.ActiveCfg = Debug|Any CPU
		{4D4EC001-2E71-4BAA-91EE-FC90D4E97009}.Debug|Any CPU.Build.0 = Debug|Any CPU
		{4D4EC001-2E71-4BAA-91EE-FC90D4E97009}.Release|Any CPU.ActiveCfg = Release|Any CPU
		{4D4EC001-2E71-4BAA-91EE-FC90D4E97009}.Release|Any CPU.Build.0 = Release|Any CPU
		{E0EA090E-119B-4FD7-9A1D-DBFBB2E5B106}.Debug|Any CPU.ActiveCfg = Debug|Any CPU
		{E0EA090E-119B-4FD7-9A1D-DBFBB2E5B106}.Debug|Any CPU.Build.0 = Debug|Any CPU
		{E0EA090E-119B-4FD7-9A1D-DBFBB2E5B106}.Release|Any CPU.ActiveCfg = Release|Any CPU
		{E0EA090E-119B-4FD7-9A1D-DBFBB2E5B106}.Release|Any CPU.Build.0 = Release|Any CPU
		{4267A720-E2A2-47CB-AD6B-D99291BC1D5F}.Debug|Any CPU.ActiveCfg = Debug|Any CPU
		{4267A720-E2A2-47CB-AD6B-D99291BC1D5F}.Debug|Any CPU.Build.0 = Debug|Any CPU
		{4267A720-E2A2-47CB-AD6B-D99291BC1D5F}.Release|Any CPU.ActiveCfg = Release|Any CPU
		{4267A720-E2A2-47CB-AD6B-D99291BC1D5F}.Release|Any CPU.Build.0 = Release|Any CPU
		{7D68464B-244D-45BE-92E2-604194B1DE0B}.Debug|Any CPU.ActiveCfg = Debug|Any CPU
		{7D68464B-244D-45BE-92E2-604194B1DE0B}.Debug|Any CPU.Build.0 = Debug|Any CPU
		{7D68464B-244D-45BE-92E2-604194B1DE0B}.Release|Any CPU.ActiveCfg = Release|Any CPU
		{7D68464B-244D-45BE-92E2-604194B1DE0B}.Release|Any CPU.Build.0 = Release|Any CPU
		{8F8A2DC5-5264-49EE-A3DB-B2CE8E49DCAD}.Debug|Any CPU.ActiveCfg = Debug|Any CPU
		{8F8A2DC5-5264-49EE-A3DB-B2CE8E49DCAD}.Debug|Any CPU.Build.0 = Debug|Any CPU
		{8F8A2DC5-5264-49EE-A3DB-B2CE8E49DCAD}.Release|Any CPU.ActiveCfg = Release|Any CPU
		{8F8A2DC5-5264-49EE-A3DB-B2CE8E49DCAD}.Release|Any CPU.Build.0 = Release|Any CPU
		{63D3100F-066B-433B-B949-9974E47CD0FD}.Debug|Any CPU.ActiveCfg = Debug|Any CPU
		{63D3100F-066B-433B-B949-9974E47CD0FD}.Debug|Any CPU.Build.0 = Debug|Any CPU
		{63D3100F-066B-433B-B949-9974E47CD0FD}.Release|Any CPU.ActiveCfg = Release|Any CPU
		{63D3100F-066B-433B-B949-9974E47CD0FD}.Release|Any CPU.Build.0 = Release|Any CPU
		{D0F346ED-D85C-4EC9-91AC-47C8B7C5EDC6}.Debug|Any CPU.ActiveCfg = Debug|Any CPU
		{D0F346ED-D85C-4EC9-91AC-47C8B7C5EDC6}.Debug|Any CPU.Build.0 = Debug|Any CPU
		{D0F346ED-D85C-4EC9-91AC-47C8B7C5EDC6}.Release|Any CPU.ActiveCfg = Release|Any CPU
		{D0F346ED-D85C-4EC9-91AC-47C8B7C5EDC6}.Release|Any CPU.Build.0 = Release|Any CPU
		{DE0C559B-347E-45B9-9750-D0063929B1F6}.Debug|Any CPU.ActiveCfg = Debug|Any CPU
		{DE0C559B-347E-45B9-9750-D0063929B1F6}.Debug|Any CPU.Build.0 = Debug|Any CPU
		{DE0C559B-347E-45B9-9750-D0063929B1F6}.Release|Any CPU.ActiveCfg = Release|Any CPU
		{DE0C559B-347E-45B9-9750-D0063929B1F6}.Release|Any CPU.Build.0 = Release|Any CPU
		{6B2053A8-8E52-425C-90D0-615F31F1B18F}.Debug|Any CPU.ActiveCfg = Debug|Any CPU
		{6B2053A8-8E52-425C-90D0-615F31F1B18F}.Debug|Any CPU.Build.0 = Debug|Any CPU
		{6B2053A8-8E52-425C-90D0-615F31F1B18F}.Release|Any CPU.ActiveCfg = Release|Any CPU
		{6B2053A8-8E52-425C-90D0-615F31F1B18F}.Release|Any CPU.Build.0 = Release|Any CPU
		{24A79B0F-05C1-4038-975C-32C911CDE416}.Debug|Any CPU.ActiveCfg = Debug|Any CPU
		{24A79B0F-05C1-4038-975C-32C911CDE416}.Debug|Any CPU.Build.0 = Debug|Any CPU
		{24A79B0F-05C1-4038-975C-32C911CDE416}.Release|Any CPU.ActiveCfg = Release|Any CPU
		{24A79B0F-05C1-4038-975C-32C911CDE416}.Release|Any CPU.Build.0 = Release|Any CPU
		{EC77D1C0-6787-4AC6-89DD-D5E6C3A3AFC7}.Debug|Any CPU.ActiveCfg = Debug|Any CPU
		{EC77D1C0-6787-4AC6-89DD-D5E6C3A3AFC7}.Debug|Any CPU.Build.0 = Debug|Any CPU
		{EC77D1C0-6787-4AC6-89DD-D5E6C3A3AFC7}.Release|Any CPU.ActiveCfg = Release|Any CPU
		{EC77D1C0-6787-4AC6-89DD-D5E6C3A3AFC7}.Release|Any CPU.Build.0 = Release|Any CPU
		{2BC2A66B-5D3E-4807-B1AE-D212CFA415ED}.Debug|Any CPU.ActiveCfg = Debug|Any CPU
		{2BC2A66B-5D3E-4807-B1AE-D212CFA415ED}.Debug|Any CPU.Build.0 = Debug|Any CPU
		{2BC2A66B-5D3E-4807-B1AE-D212CFA415ED}.Release|Any CPU.ActiveCfg = Release|Any CPU
		{2BC2A66B-5D3E-4807-B1AE-D212CFA415ED}.Release|Any CPU.Build.0 = Release|Any CPU
		{F5CBF264-1EDD-4B30-9CF8-E42A67425892}.Debug|Any CPU.ActiveCfg = Debug|Any CPU
		{F5CBF264-1EDD-4B30-9CF8-E42A67425892}.Debug|Any CPU.Build.0 = Debug|Any CPU
		{F5CBF264-1EDD-4B30-9CF8-E42A67425892}.Release|Any CPU.ActiveCfg = Release|Any CPU
		{F5CBF264-1EDD-4B30-9CF8-E42A67425892}.Release|Any CPU.Build.0 = Release|Any CPU
	EndGlobalSection
	GlobalSection(SolutionProperties) = preSolution
		HideSolutionNode = FALSE
	EndGlobalSection
	GlobalSection(NestedProjects) = preSolution
		{B90AB9CA-EDF7-420B-9989-EF303C6D7FBD} = {753461E7-B54C-46B7-99A2-C34A66BF2292}
		{A42CC8D2-08A0-4013-BDB4-117A765EC55C} = {753461E7-B54C-46B7-99A2-C34A66BF2292}
		{F0BEDD3D-3DD6-4DD4-8C52-BCA911A3AC6A} = {753461E7-B54C-46B7-99A2-C34A66BF2292}
		{DB4546C6-F7E5-4826-8577-2226BF6CC783} = {753461E7-B54C-46B7-99A2-C34A66BF2292}
		{22BDC8F1-7D62-4ED6-AEB5-AF85F9F2C63D} = {753461E7-B54C-46B7-99A2-C34A66BF2292}
		{C4B8460B-EFF3-4897-99ED-8FABD99645ED} = {A47B99D9-4F12-48A8-B02C-B90971105A6C}
		{4D4EC001-2E71-4BAA-91EE-FC90D4E97009} = {A47B99D9-4F12-48A8-B02C-B90971105A6C}
		{E0EA090E-119B-4FD7-9A1D-DBFBB2E5B106} = {A47B99D9-4F12-48A8-B02C-B90971105A6C}
		{4267A720-E2A2-47CB-AD6B-D99291BC1D5F} = {A47B99D9-4F12-48A8-B02C-B90971105A6C}
		{7D68464B-244D-45BE-92E2-604194B1DE0B} = {A47B99D9-4F12-48A8-B02C-B90971105A6C}
		{8F8A2DC5-5264-49EE-A3DB-B2CE8E49DCAD} = {F434AF19-C3CB-4461-AE7D-007D31A44CF7}
		{63D3100F-066B-433B-B949-9974E47CD0FD} = {F434AF19-C3CB-4461-AE7D-007D31A44CF7}
		{D0F346ED-D85C-4EC9-91AC-47C8B7C5EDC6} = {F434AF19-C3CB-4461-AE7D-007D31A44CF7}
		{DE0C559B-347E-45B9-9750-D0063929B1F6} = {F434AF19-C3CB-4461-AE7D-007D31A44CF7}
		{6B2053A8-8E52-425C-90D0-615F31F1B18F} = {BC87D075-CA3B-492A-8ADE-602312A28B46}
		{24A79B0F-05C1-4038-975C-32C911CDE416} = {BC87D075-CA3B-492A-8ADE-602312A28B46}
		{EC77D1C0-6787-4AC6-89DD-D5E6C3A3AFC7} = {BC87D075-CA3B-492A-8ADE-602312A28B46}
		{2BC2A66B-5D3E-4807-B1AE-D212CFA415ED} = {BC87D075-CA3B-492A-8ADE-602312A28B46}
		{F5CBF264-1EDD-4B30-9CF8-E42A67425892} = {7DD2395A-98F4-4249-97CE-A71F10370DCF}
	EndGlobalSection
	GlobalSection(ExtensibilityGlobals) = postSolution
		SolutionGuid = {33CE27E1-A3C7-4A6D-9C7F-76B39E0B17A9}
	EndGlobalSection
EndGlobal
